
Microsoft Visual Studio Solution File, Format Version 12.00
# Visual Studio Version 17
VisualStudioVersion = 17.14.36518.9 d17.14
MinimumVisualStudioVersion = 10.0.40219.1
Project("{FAE04EC0-301F-11D3-BF4B-00C04F79EFBC}") = "Presentation", "Presentation\Presentation.csproj", "{3A1B1CC6-615C-4CE6-AE5B-E46C6985A383}"
EndProject
Project("{FAE04EC0-301F-11D3-BF4B-00C04F79EFBC}") = "Domain", "Domain\Domain.csproj", "{C14119AE-61F9-4809-B821-00A0BD47165D}"
EndProject
Project("{FAE04EC0-301F-11D3-BF4B-00C04F79EFBC}") = "Infrastructure", "Infrastructure\Infrastructure.csproj", "{131038B4-6CC7-4AE5-B96E-14565D2DD3C0}"
EndProject
Project("{FAE04EC0-301F-11D3-BF4B-00C04F79EFBC}") = "Application", "Application\Application.csproj", "{34A6ECDF-4DE7-4F78-9E4E-D2642A38BB77}"
EndProject
Global
	GlobalSection(SolutionConfigurationPlatforms) = preSolution
		Debug|Any CPU = Debug|Any CPU
		Release|Any CPU = Release|Any CPU
	EndGlobalSection
	GlobalSection(ProjectConfigurationPlatforms) = postSolution
		{3A1B1CC6-615C-4CE6-AE5B-E46C6985A383}.Debug|Any CPU.ActiveCfg = Debug|Any CPU
		{3A1B1CC6-615C-4CE6-AE5B-E46C6985A383}.Debug|Any CPU.Build.0 = Debug|Any CPU
		{3A1B1CC6-615C-4CE6-AE5B-E46C6985A383}.Release|Any CPU.ActiveCfg = Release|Any CPU
		{3A1B1CC6-615C-4CE6-AE5B-E46C6985A383}.Release|Any CPU.Build.0 = Release|Any CPU
		{C14119AE-61F9-4809-B821-00A0BD47165D}.Debug|Any CPU.ActiveCfg = Debug|Any CPU
		{C14119AE-61F9-4809-B821-00A0BD47165D}.Debug|Any CPU.Build.0 = Debug|Any CPU
		{C14119AE-61F9-4809-B821-00A0BD47165D}.Release|Any CPU.ActiveCfg = Release|Any CPU
		{C14119AE-61F9-4809-B821-00A0BD47165D}.Release|Any CPU.Build.0 = Release|Any CPU
		{131038B4-6CC7-4AE5-B96E-14565D2DD3C0}.Debug|Any CPU.ActiveCfg = Debug|Any CPU
		{131038B4-6CC7-4AE5-B96E-14565D2DD3C0}.Debug|Any CPU.Build.0 = Debug|Any CPU
		{131038B4-6CC7-4AE5-B96E-14565D2DD3C0}.Release|Any CPU.ActiveCfg = Release|Any CPU
		{131038B4-6CC7-4AE5-B96E-14565D2DD3C0}.Release|Any CPU.Build.0 = Release|Any CPU
		{34A6ECDF-4DE7-4F78-9E4E-D2642A38BB77}.Debug|Any CPU.ActiveCfg = Debug|Any CPU
		{34A6ECDF-4DE7-4F78-9E4E-D2642A38BB77}.Debug|Any CPU.Build.0 = Debug|Any CPU
		{34A6ECDF-4DE7-4F78-9E4E-D2642A38BB77}.Release|Any CPU.ActiveCfg = Release|Any CPU
		{34A6ECDF-4DE7-4F78-9E4E-D2642A38BB77}.Release|Any CPU.Build.0 = Release|Any CPU
	EndGlobalSection
	GlobalSection(SolutionProperties) = preSolution
		HideSolutionNode = FALSE
	EndGlobalSection
	GlobalSection(ExtensibilityGlobals) = postSolution
		SolutionGuid = {37A7008A-AE09-408C-A258-347479796156}
	EndGlobalSection
EndGlobal
